{
  "object": {
    "pins": [
      {
        "package": "Cello",
        "repositoryURL": "https://github.com/wittontech/concert-cello",
        "state": {
          "branch": "master",
          "revision": "b3136bea901786dc2e58a39d0da9a245994e6254",
          "version": null
        }
      },
      {
        "package": "Flute",
        "repositoryURL": "https://github.com/wittontech/concert-flute",
        "state": {
          "branch": "master",
          "revision": "a147352439ed4a7494fe819edd1c8f8d17249bc0",
          "version": null
        }
      },
      {
        "package": "Piano",
        "repositoryURL": "https://github.com/wittontech/concert-piano",
        "state": {
          "branch": "master",
          "revision": "bb615027a456f9cd1a071dbbd79e2489bd095e43",
          "version": null
        }
      },
      {
        "package": "SnapKit",
        "repositoryURL": "https://github.com/SnapKit/SnapKit.git",
        "state": {
          "branch": null,
          "revision": "d458564516e5676af9c70b4f4b2a9178294f1bc6",
          "version": "5.0.1"
        }
      }
    ]
  },
  "version": 1
}
